
Microsoft Visual Studio Solution File, Format Version 12.00
# Visual Studio Version 16
VisualStudioVersion = 16.0.32106.194
MinimumVisualStudioVersion = 10.0.40219.1
Project("{9A19103F-16F7-4668-BE54-9A1E7A4F7556}") = "RealEstate.API", "RealEstate.API\RealEstate.API.csproj", "{5C07B7DF-7514-449E-BD9D-D6295E7A629A}"
EndProject
Project("{FAE04EC0-301F-11D3-BF4B-00C04F79EFBC}") = "RealEstate.API.IntegrationTests", "RealEstate.API.IntegrationTests\RealEstate.API.IntegrationTests.csproj", "{4CF87416-34EE-4CA6-9717-4D7FE260F013}"
EndProject
Global
	GlobalSection(SolutionConfigurationPlatforms) = preSolution
		Debug|Any CPU = Debug|Any CPU
		Release|Any CPU = Release|Any CPU
	EndGlobalSection
	GlobalSection(ProjectConfigurationPlatforms) = postSolution
		{5C07B7DF-7514-449E-BD9D-D6295E7A629A}.Debug|Any CPU.ActiveCfg = Debug|Any CPU
		{5C07B7DF-7514-449E-BD9D-D6295E7A629A}.Debug|Any CPU.Build.0 = Debug|Any CPU
		{5C07B7DF-7514-449E-BD9D-D6295E7A629A}.Release|Any CPU.ActiveCfg = Release|Any CPU
		{5C07B7DF-7514-449E-BD9D-D6295E7A629A}.Release|Any CPU.Build.0 = Release|Any CPU
		{4CF87416-34EE-4CA6-9717-4D7FE260F013}.Debug|Any CPU.ActiveCfg = Debug|Any CPU
		{4CF87416-34EE-4CA6-9717-4D7FE260F013}.Debug|Any CPU.Build.0 = Debug|Any CPU
		{4CF87416-34EE-4CA6-9717-4D7FE260F013}.Release|Any CPU.ActiveCfg = Release|Any CPU
		{4CF87416-34EE-4CA6-9717-4D7FE260F013}.Release|Any CPU.Build.0 = Release|Any CPU
	EndGlobalSection
	GlobalSection(SolutionProperties) = preSolution
		HideSolutionNode = FALSE
	EndGlobalSection
	GlobalSection(ExtensibilityGlobals) = postSolution
		SolutionGuid = {FBBEBED8-259E-40C2-929F-BB59756D14A9}
	EndGlobalSection
EndGlobal
